
Microsoft Visual Studio Solution File, Format Version 12.00
# Visual Studio 15
VisualStudioVersion = 15.0.35319.79
MinimumVisualStudioVersion = 10.0.40219.1
Project("{FAE04EC0-301F-11D3-BF4B-00C04F79EFBC}") = "Tik Tak Toe Game", "Tik Tak Toe Game\Tik Tak Toe Game.csproj", "{4CFEB075-4AFA-4F24-A3DD-B06FF88262A5}"
EndProject
Global
	GlobalSection(SolutionConfigurationPlatforms) = preSolution
		Debug|Any CPU = Debug|Any CPU
		Release|Any CPU = Release|Any CPU
	EndGlobalSection
	GlobalSection(ProjectConfigurationPlatforms) = postSolution
		{4CFEB075-4AFA-4F24-A3DD-B06FF88262A5}.Debug|Any CPU.ActiveCfg = Debug|Any CPU
		{4CFEB075-4AFA-4F24-A3DD-B06FF88262A5}.Debug|Any CPU.Build.0 = Debug|Any CPU
		{4CFEB075-4AFA-4F24-A3DD-B06FF88262A5}.Release|Any CPU.ActiveCfg = Release|Any CPU
		{4CFEB075-4AFA-4F24-A3DD-B06FF88262A5}.Release|Any CPU.Build.0 = Release|Any CPU
	EndGlobalSection
	GlobalSection(SolutionProperties) = preSolution
		HideSolutionNode = FALSE
	EndGlobalSection
	GlobalSection(ExtensibilityGlobals) = postSolution
		SolutionGuid = {68EEC8CB-3302-4F21-B4AF-0D95D4972DC3}
	EndGlobalSection
EndGlobal
